// !$*UTF8*$!
{
	archiveVersion = 1;
	classes = {
	};
	objectVersion = 46;
	objects = {

/* Begin PBXBuildFile section */
		5C1F0CB51F2117EB00E70443 /* AppDelegate.swift in Sources */ = {isa = PBXBuildFile; fileRef = 5C1F0CB41F2117EB00E70443 /* AppDelegate.swift */; };
		5C1F0CB71F2117EB00E70443 /* ViewController.swift in Sources */ = {isa = PBXBuildFile; fileRef = 5C1F0CB61F2117EB00E70443 /* ViewController.swift */; };
		5C1F0CBA1F2117EB00E70443 /* Main.storyboard in Resources */ = {isa = PBXBuildFile; fileRef = 5C1F0CB81F2117EB00E70443 /* Main.storyboard */; };
		5C1F0CBC1F2117EB00E70443 /* Assets.xcassets in Resources */ = {isa = PBXBuildFile; fileRef = 5C1F0CBB1F2117EB00E70443 /* Assets.xcassets */; };
		5C1F0CBF1F2117EB00E70443 /* LaunchScreen.storyboard in Resources */ = {isa = PBXBuildFile; fileRef = 5C1F0CBD1F2117EB00E70443 /* LaunchScreen.storyboard */; };
		5CBEAE3A1F21C341009AAFF2 /* CustomCell.swift in Sources */ = {isa = PBXBuildFile; fileRef = 5CBEAE391F21C341009AAFF2 /* CustomCell.swift */; };
		F256A903F8FD417C6D8093CB /* Pods_HelloCalendar.framework in Frameworks */ = {isa = PBXBuildFile; fileRef = E3E16874F44F6B78355DEA7C /* Pods_HelloCalendar.framework */; };
/* End PBXBuildFile section */

/* Begin PBXFileReference section */
		5C1F0CB11F2117EB00E70443 /* HelloCalendar.app */ = {isa = PBXFileReference; explicitFileType = wrapper.application; includeInIndex = 0; path = HelloCalendar.app; sourceTree = BUILT_PRODUCTS_DIR; };
		5C1F0CB41F2117EB00E70443 /* AppDelegate.swift */ = {isa = PBXFileReference; lastKnownFileType = sourcecode.swift; path = AppDelegate.swift; sourceTree = "<group>"; };
		5C1F0CB61F2117EB00E70443 /* ViewController.swift */ = {isa = PBXFileReference; lastKnownFileType = sourcecode.swift; path = ViewController.swift; sourceTree = "<group>"; };
		5C1F0CB91F2117EB00E70443 /* Base */ = {isa = PBXFileReference; lastKnownFileType = file.storyboard; name = Base; path = Base.lproj/Main.storyboard; sourceTree = "<group>"; };
		5C1F0CBB1F2117EB00E70443 /* Assets.xcassets */ = {isa = PBXFileReference; lastKnownFileType = folder.assetcatalog; path = Assets.xcassets; sourceTree = "<group>"; };
		5C1F0CBE1F2117EB00E70443 /* Base */ = {isa = PBXFileReference; lastKnownFileType = file.storyboard; name = Base; path = Base.lproj/LaunchScreen.storyboard; sourceTree = "<group>"; };
		5C1F0CC01F2117EB00E70443 /* Info.plist */ = {isa = PBXFileReference; lastKnownFileType = text.plist.xml; path = Info.plist; sourceTree = "<group>"; };
		5CBEAE391F21C341009AAFF2 /* CustomCell.swift */ = {isa = PBXFileReference; fileEncoding = 4; lastKnownFileType = sourcecode.swift; path = CustomCell.swift; sourceTree = "<group>"; };
		C5A28AE813CEAA41A29EF1DF /* Pods-HelloCalendar.debug.xcconfig */ = {isa = PBXFileReference; includeInIndex = 1; lastKnownFileType = text.xcconfig; name = "Pods-HelloCalendar.debug.xcconfig"; path = "Pods/Target Support Files/Pods-HelloCalendar/Pods-HelloCalendar.debug.xcconfig"; sourceTree = "<group>"; };
		CC29DF9F98E8BB7EB1DBC69E /* Pods-HelloCalendar.release.xcconfig */ = {isa = PBXFileReference; includeInIndex = 1; lastKnownFileType = text.xcconfig; name = "Pods-HelloCalendar.release.xcconfig"; path = "Pods/Target Support Files/Pods-HelloCalendar/Pods-HelloCalendar.release.xcconfig"; sourceTree = "<group>"; };
		E3E16874F44F6B78355DEA7C /* Pods_HelloCalendar.framework */ = {isa = PBXFileReference; explicitFileType = wrapper.framework; includeInIndex = 0; path = Pods_HelloCalendar.framework; sourceTree = BUILT_PRODUCTS_DIR; };
/* End PBXFileReference section */

/* Begin PBXFrameworksBuildPhase section */
		5C1F0CAE1F2117EB00E70443 /* Frameworks */ = {
			isa = PBXFrameworksBuildPhase;
			buildActionMask = 2147483647;
			files = (
				F256A903F8FD417C6D8093CB /* Pods_HelloCalendar.framework in Frameworks */,
			);
			runOnlyForDeploymentPostprocessing = 0;
		};
/* End PBXFrameworksBuildPhase section */

/* Begin PBXGroup section */
		5C1F0CA81F2117EB00E70443 = {
			isa = PBXGroup;
			children = (
				5C1F0CB31F2117EB00E70443 /* HelloCalendar */,
				5C1F0CB21F2117EB00E70443 /* Products */,
				FBF762D1A598E4F924B53F90 /* Pods */,
				884B240ADCD25B54B228CEA6 /* Frameworks */,
			);
			sourceTree = "<group>";
		};
		5C1F0CB21F2117EB00E70443 /* Products */ = {
			isa = PBXGroup;
			children = (
				5C1F0CB11F2117EB00E70443 /* HelloCalendar.app */,
			);
			name = Products;
			sourceTree = "<group>";
		};
		5C1F0CB31F2117EB00E70443 /* HelloCalendar */ = {
			isa = PBXGroup;
			children = (
				5C1F0CB41F2117EB00E70443 /* AppDelegate.swift */,
				5C1F0CB61F2117EB00E70443 /* ViewController.swift */,
				5C1F0CB81F2117EB00E70443 /* Main.storyboard */,
				5C1F0CBB1F2117EB00E70443 /* Assets.xcassets */,
				5C1F0CBD1F2117EB00E70443 /* LaunchScreen.storyboard */,
				5C1F0CC01F2117EB00E70443 /* Info.plist */,
				5CBEAE391F21C341009AAFF2 /* CustomCell.swift */,
			);
			path = HelloCalendar;
			sourceTree = "<group>";
		};
		884B240ADCD25B54B228CEA6 /* Frameworks */ = {
			isa = PBXGroup;
			children = (
				E3E16874F44F6B78355DEA7C /* Pods_HelloCalendar.framework */,
			);
			name = Frameworks;
			sourceTree = "<group>";
		};
		FBF762D1A598E4F924B53F90 /* Pods */ = {
			isa = PBXGroup;
			children = (
				C5A28AE813CEAA41A29EF1DF /* Pods-HelloCalendar.debug.xcconfig */,
				CC29DF9F98E8BB7EB1DBC69E /* Pods-HelloCalendar.release.xcconfig */,
			);
			name = Pods;
			sourceTree = "<group>";
		};
/* End PBXGroup section */

/* Begin PBXNativeTarget section */
		5C1F0CB01F2117EB00E70443 /* HelloCalendar */ = {
			isa = PBXNativeTarget;
			buildConfigurationList = 5C1F0CC31F2117EB00E70443 /* Build configuration list for PBXNativeTarget "HelloCalendar" */;
			buildPhases = (
				14EA9CA5EF1BCA6BC4929D48 /* [CP] Check Pods Manifest.lock */,
				5C1F0CAD1F2117EB00E70443 /* Sources */,
				5C1F0CAE1F2117EB00E70443 /* Frameworks */,
				5C1F0CAF1F2117EB00E70443 /* Resources */,
				109D6787F5E8CFB656F2B25E /* [CP] Embed Pods Frameworks */,
				2A2BE21A8317503B0894CF1E /* [CP] Copy Pods Resources */,
			);
			buildRules = (
			);
			dependencies = (
			);
			name = HelloCalendar;
			productName = HelloCalendar;
			productReference = 5C1F0CB11F2117EB00E70443 /* HelloCalendar.app */;
			productType = "com.apple.product-type.application";
		};
/* End PBXNativeTarget section */

/* Begin PBXProject section */
		5C1F0CA91F2117EB00E70443 /* Project object */ = {
			isa = PBXProject;
			attributes = {
				LastSwiftUpdateCheck = 0830;
				LastUpgradeCheck = 0830;
				ORGANIZATIONNAME = "Lakshay Nagpal";
				TargetAttributes = {
					5C1F0CB01F2117EB00E70443 = {
						CreatedOnToolsVersion = 8.3.3;
						ProvisioningStyle = Automatic;
					};
				};
			};
			buildConfigurationList = 5C1F0CAC1F2117EB00E70443 /* Build configuration list for PBXProject "HelloCalendar" */;
			compatibilityVersion = "Xcode 3.2";
			developmentRegion = English;
			hasScannedForEncodings = 0;
			knownRegions = (
				en,
				Base,
			);
			mainGroup = 5C1F0CA81F2117EB00E70443;
			productRefGroup = 5C1F0CB21F2117EB00E70443 /* Products */;
			projectDirPath = "";
			projectRoot = "";
			targets = (
				5C1F0CB01F2117EB00E70443 /* HelloCalendar */,
			);
		};
/* End PBXProject section */

/* Begin PBXResourcesBuildPhase section */
		5C1F0CAF1F2117EB00E70443 /* Resources */ = {
			isa = PBXResourcesBuildPhase;
			buildActionMask = 2147483647;
			files = (
				5C1F0CBF1F2117EB00E70443 /* LaunchScreen.storyboard in Resources */,
				5C1F0CBC1F2117EB00E70443 /* Assets.xcassets in Resources */,
				5C1F0CBA1F2117EB00E70443 /* Main.storyboard in Resources */,
			);
			runOnlyForDeploymentPostprocessing = 0;
		};
/* End PBXResourcesBuildPhase section */

/* Begin PBXShellScriptBuildPhase section */
		109D6787F5E8CFB656F2B25E /* [CP] Embed Pods Frameworks */ = {
			isa = PBXShellScriptBuildPhase;
			buildActionMask = 2147483647;
			files = (
			);
			inputPaths = (
			);
			name = "[CP] Embed Pods Frameworks";
			outputPaths = (
			);
			runOnlyForDeploymentPostprocessing = 0;
			shellPath = /bin/sh;
			shellScript = "\"${SRCROOT}/Pods/Target Support Files/Pods-HelloCalendar/Pods-HelloCalendar-frameworks.sh\"\n";
			showEnvVarsInLog = 0;
		};
		14EA9CA5EF1BCA6BC4929D48 /* [CP] Check Pods Manifest.lock */ = {
			isa = PBXShellScriptBuildPhase;
			buildActionMask = 2147483647;
			files = (
			);
			inputPaths = (
			);
			name = "[CP] Check Pods Manifest.lock";
			outputPaths = (
			);
			runOnlyForDeploymentPostprocessing = 0;
			shellPath = /bin/sh;
			shellScript = "diff \"${PODS_PODFILE_DIR_PATH}/Podfile.lock\" \"${PODS_ROOT}/Manifest.lock\" > /dev/null\nif [ $? != 0 ] ; then\n    # print error to STDERR\n    echo \"error: The sandbox is not in sync with the Podfile.lock. Run 'pod install' or update your CocoaPods installation.\" >&2\n    exit 1\nfi\n";
			showEnvVarsInLog = 0;
		};
		2A2BE21A8317503B0894CF1E /* [CP] Copy Pods Resources */ = {
			isa = PBXShellScriptBuildPhase;
			buildActionMask = 2147483647;
			files = (
			);
			inputPaths = (
			);
			name = "[CP] Copy Pods Resources";
			outputPaths = (
			);
			runOnlyForDeploymentPostprocessing = 0;
			shellPath = /bin/sh;
			shellScript = "\"${SRCROOT}/Pods/Target Support Files/Pods-HelloCalendar/Pods-HelloCalendar-resources.sh\"\n";
			showEnvVarsInLog = 0;
		};
/* End PBXShellScriptBuildPhase section */

/* Begin PBXSourcesBuildPhase section */
		5C1F0CAD1F2117EB00E70443 /* Sources */ = {
			isa = PBXSourcesBuildPhase;
			buildActionMask = 2147483647;
			files = (
				5C1F0CB71F2117EB00E70443 /* ViewController.swift in Sources */,
				5CBEAE3A1F21C341009AAFF2 /* CustomCell.swift in Sources */,
				5C1F0CB51F2117EB00E70443 /* AppDelegate.swift in Sources */,
			);
			runOnlyForDeploymentPostprocessing = 0;
		};
/* End PBXSourcesBuildPhase section */

/* Begin PBXVariantGroup section */
		5C1F0CB81F2117EB00E70443 /* Main.storyboard */ = {
			isa = PBXVariantGroup;
			children = (
				5C1F0CB91F2117EB00E70443 /* Base */,
			);
			name = Main.storyboard;
			sourceTree = "<group>";
		};
		5C1F0CBD1F2117EB00E70443 /* LaunchScreen.storyboard */ = {
			isa = PBXVariantGroup;
			children = (
				5C1F0CBE1F2117EB00E70443 /* Base */,
			);
			name = LaunchScreen.storyboard;
			sourceTree = "<group>";
		};
/* End PBXVariantGroup section */

/* Begin XCBuildConfiguration section */
		5C1F0CC11F2117EB00E70443 /* Debug */ = {
			isa = XCBuildConfiguration;
			buildSettings = {
				ALWAYS_SEARCH_USER_PATHS = NO;
				CLANG_ANALYZER_NONNULL = YES;
				CLANG_ANALYZER_NUMBER_OBJECT_CONVERSION = YES_AGGRESSIVE;
				CLANG_CXX_LANGUAGE_STANDARD = "gnu++0x";
				CLANG_CXX_LIBRARY = "libc++";
				CLANG_ENABLE_MODULES = YES;
				CLANG_ENABLE_OBJC_ARC = YES;
				CLANG_WARN_BOOL_CONVERSION = YES;
				CLANG_WARN_CONSTANT_CONVERSION = YES;
				CLANG_WARN_DIRECT_OBJC_ISA_USAGE = YES_ERROR;
				CLANG_WARN_DOCUMENTATION_COMMENTS = YES;
				CLANG_WARN_EMPTY_BODY = YES;
				CLANG_WARN_ENUM_CONVERSION = YES;
				CLANG_WARN_INFINITE_RECURSION = YES;
				CLANG_WARN_INT_CONVERSION = YES;
				CLANG_WARN_OBJC_ROOT_CLASS = YES_ERROR;
				CLANG_WARN_SUSPICIOUS_MOVE = YES;
				CLANG_WARN_UNREACHABLE_CODE = YES;
				CLANG_WARN__DUPLICATE_METHOD_MATCH = YES;
				"CODE_SIGN_IDENTITY[sdk=iphoneos*]" = "iPhone Developer";
				COPY_PHASE_STRIP = NO;
				DEBUG_INFORMATION_FORMAT = dwarf;
				ENABLE_STRICT_OBJC_MSGSEND = YES;
				ENABLE_TESTABILITY = YES;
				GCC_C_LANGUAGE_STANDARD = gnu99;
				GCC_DYNAMIC_NO_PIC = NO;
				GCC_NO_COMMON_BLOCKS = YES;
				GCC_OPTIMIZATION_LEVEL = 0;
				GCC_PREPROCESSOR_DEFINITIONS = (
					"DEBUG=1",
					"$(inherited)",
				);
				GCC_WARN_64_TO_32_BIT_CONVERSION = YES;
				GCC_WARN_ABOUT_RETURN_TYPE = YES_ERROR;
				GCC_WARN_UNDECLARED_SELECTOR = YES;
				GCC_WARN_UNINITIALIZED_AUTOS = YES_AGGRESSIVE;
				GCC_WARN_UNUSED_FUNCTION = YES;
				GCC_WARN_UNUSED_VARIABLE = YES;
				IPHONEOS_DEPLOYMENT_TARGET = 10.3;
				MTL_ENABLE_DEBUG_INFO = YES;
				ONLY_ACTIVE_ARCH = YES;
				SDKROOT = iphoneos;
				SWIFT_ACTIVE_COMPILATION_CONDITIONS = DEBUG;
				SWIFT_OPTIMIZATION_LEVEL = "-Onone";
				TARGETED_DEVICE_FAMILY = "1,2";
			};
			name = Debug;
		};
		5C1F0CC21F2117EB00E70443 /* Release */ = {
			isa = XCBuildConfiguration;
			buildSettings = {
				ALWAYS_SEARCH_USER_PATHS = NO;
				CLANG_ANALYZER_NONNULL = YES;
				CLANG_ANALYZER_NUMBER_OBJECT_CONVERSION = YES_AGGRESSIVE;
				CLANG_CXX_LANGUAGE_STANDARD = "gnu++0x";
				CLANG_CXX_LIBRARY = "libc++";
				CLANG_ENABLE_MODULES = YES;
				CLANG_ENABLE_OBJC_ARC = YES;
				CLANG_WARN_BOOL_CONVERSION = YES;
				CLANG_WARN_CONSTANT_CONVERSION = YES;
				CLANG_WARN_DIRECT_OBJC_ISA_USAGE = YES_ERROR;
				CLANG_WARN_DOCUMENTATION_COMMENTS = YES;
				CLANG_WARN_EMPTY_BODY = YES;
				CLANG_WARN_ENUM_CONVERSION = YES;
				CLANG_WARN_INFINITE_RECURSION = YES;
				CLANG_WARN_INT_CONVERSION = YES;
				CLANG_WARN_OBJC_ROOT_CLASS = YES_ERROR;
				CLANG_WARN_SUSPICIOUS_MOVE = YES;
				CLANG_WARN_UNREACHABLE_CODE = YES;
				CLANG_WARN__DUPLICATE_METHOD_MATCH = YES;
				"CODE_SIGN_IDENTITY[sdk=iphoneos*]" = "iPhone Developer";
				COPY_PHASE_STRIP = NO;
				DEBUG_INFORMATION_FORMAT = "dwarf-with-dsym";
				ENABLE_NS_ASSERTIONS = NO;
				ENABLE_STRICT_OBJC_MSGSEND = YES;
				GCC_C_LANGUAGE_STANDARD = gnu99;
				GCC_NO_COMMON_BLOCKS = YES;
				GCC_WARN_64_TO_32_BIT_CONVERSION = YES;
				GCC_WARN_ABOUT_RETURN_TYPE = YES_ERROR;
				GCC_WARN_UNDECLARED_SELECTOR = YES;
				GCC_WARN_UNINITIALIZED_AUTOS = YES_AGGRESSIVE;
				GCC_WARN_UNUSED_FUNCTION = YES;
				GCC_WARN_UNUSED_VARIABLE = YES;
				IPHONEOS_DEPLOYMENT_TARGET = 10.3;
				MTL_ENABLE_DEBUG_INFO = NO;
				SDKROOT = iphoneos;
				SWIFT_OPTIMIZATION_LEVEL = "-Owholemodule";
				TARGETED_DEVICE_FAMILY = "1,2";
				VALIDATE_PRODUCT = YES;
			};
			name = Release;
		};
		5C1F0CC41F2117EB00E70443 /* Debug */ = {
			isa = XCBuildConfiguration;
			baseConfigurationReference = C5A28AE813CEAA41A29EF1DF /* Pods-HelloCalendar.debug.xcconfig */;
			buildSettings = {
				ASSETCATALOG_COMPILER_APPICON_NAME = AppIcon;
				INFOPLIST_FILE = HelloCalendar/Info.plist;
				LD_RUNPATH_SEARCH_PATHS = "$(inherited) @executable_path/Frameworks";
				PRODUCT_BUNDLE_IDENTIFIER = com.udacity.HelloCalendar;
				PRODUCT_NAME = "$(TARGET_NAME)";
				SWIFT_VERSION = 3.0;
			};
			name = Debug;
		};
		5C1F0CC51F2117EB00E70443 /* Release */ = {
			isa = XCBuildConfiguration;
			baseConfigurationReference = CC29DF9F98E8BB7EB1DBC69E /* Pods-HelloCalendar.release.xcconfig */;
			buildSettings = {
				ASSETCATALOG_COMPILER_APPICON_NAME = AppIcon;
				INFOPLIST_FILE = HelloCalendar/Info.plist;
				LD_RUNPATH_SEARCH_PATHS = "$(inherited) @executable_path/Frameworks";
				PRODUCT_BUNDLE_IDENTIFIER = com.udacity.HelloCalendar;
				PRODUCT_NAME = "$(TARGET_NAME)";
				SWIFT_VERSION = 3.0;
			};
			name = Release;
		};
/* End XCBuildConfiguration section */

/* Begin XCConfigurationList section */
		5C1F0CAC1F2117EB00E70443 /* Build configuration list for PBXProject "HelloCalendar" */ = {
			isa = XCConfigurationList;
			buildConfigurations = (
				5C1F0CC11F2117EB00E70443 /* Debug */,
				5C1F0CC21F2117EB00E70443 /* Release */,
			);
			defaultConfigurationIsVisible = 0;
			defaultConfigurationName = Release;
		};
		5C1F0CC31F2117EB00E70443 /* Build configuration list for PBXNativeTarget "HelloCalendar" */ = {
			isa = XCConfigurationList;
			buildConfigurations = (
				5C1F0CC41F2117EB00E70443 /* Debug */,
				5C1F0CC51F2117EB00E70443 /* Release */,
			);
			defaultConfigurationIsVisible = 0;
			defaultConfigurationName = Release;
		};
/* End XCConfigurationList section */
	};
	rootObject = 5C1F0CA91F2117EB00E70443 /* Project object */;
}
